
Microsoft Visual Studio Solution File, Format Version 12.00
# Visual Studio 14
VisualStudioVersion = 14.0.25420.1
MinimumVisualStudioVersion = 10.0.40219.1
Project("{FAE04EC0-301F-11D3-BF4B-00C04F79EFBC}") = "ClientHotel_webservice", "ClientHotel_webservice\ClientHotel_webservice.csproj", "{0454FCA0-C327-4710-AF13-7ADF8277B92B}"
EndProject
Global
	GlobalSection(SolutionConfigurationPlatforms) = preSolution
		Debug|Any CPU = Debug|Any CPU
		Release|Any CPU = Release|Any CPU
	EndGlobalSection
	GlobalSection(ProjectConfigurationPlatforms) = postSolution
		{0454FCA0-C327-4710-AF13-7ADF8277B92B}.Debug|Any CPU.ActiveCfg = Debug|Any CPU
		{0454FCA0-C327-4710-AF13-7ADF8277B92B}.Debug|Any CPU.Build.0 = Debug|Any CPU
		{0454FCA0-C327-4710-AF13-7ADF8277B92B}.Release|Any CPU.ActiveCfg = Release|Any CPU
		{0454FCA0-C327-4710-AF13-7ADF8277B92B}.Release|Any CPU.Build.0 = Release|Any CPU
	EndGlobalSection
	GlobalSection(SolutionProperties) = preSolution
		HideSolutionNode = FALSE
	EndGlobalSection
EndGlobal
